
Microsoft Visual Studio Solution File, Format Version 12.00
# Visual Studio Version 16
VisualStudioVersion = 16.0.30907.101
MinimumVisualStudioVersion = 10.0.40219.1
Project("{9A19103F-16F7-4668-BE54-9A1E7A4F7556}") = "MovieShopMVC", "MovieShopMVC\MovieShopMVC.csproj", "{B790C253-2E78-4564-9E67-16FB51A8E380}"
EndProject
Project("{9A19103F-16F7-4668-BE54-9A1E7A4F7556}") = "ApplicationCore", "ApplicationCore\ApplicationCore.csproj", "{45EF7D09-CE8D-40BD-975F-C0E7A5B15A3F}"
EndProject
Project("{9A19103F-16F7-4668-BE54-9A1E7A4F7556}") = "Infrastrcture", "Infrastrcture\Infrastrcture.csproj", "{56383F2C-3B64-4D96-B78B-851A15986A69}"
EndProject
Project("{9A19103F-16F7-4668-BE54-9A1E7A4F7556}") = "MovieShopAPI", "MovieShopAPI\MovieShopAPI.csproj", "{BE882D9D-47E2-4B44-9FA1-1045217EFF98}"
EndProject
Project("{FAE04EC0-301F-11D3-BF4B-00C04F79EFBC}") = "ClassLibrary1", "ClassLibrary1\ClassLibrary1.csproj", "{4FF7D6E7-A5BF-4F51-858A-05C1E5C4DA6D}"
EndProject
Global
	GlobalSection(SolutionConfigurationPlatforms) = preSolution
		Debug|Any CPU = Debug|Any CPU
		Release|Any CPU = Release|Any CPU
	EndGlobalSection
	GlobalSection(ProjectConfigurationPlatforms) = postSolution
		{B790C253-2E78-4564-9E67-16FB51A8E380}.Debug|Any CPU.ActiveCfg = Debug|Any CPU
		{B790C253-2E78-4564-9E67-16FB51A8E380}.Debug|Any CPU.Build.0 = Debug|Any CPU
		{B790C253-2E78-4564-9E67-16FB51A8E380}.Release|Any CPU.ActiveCfg = Release|Any CPU
		{B790C253-2E78-4564-9E67-16FB51A8E380}.Release|Any CPU.Build.0 = Release|Any CPU
		{45EF7D09-CE8D-40BD-975F-C0E7A5B15A3F}.Debug|Any CPU.ActiveCfg = Debug|Any CPU
		{45EF7D09-CE8D-40BD-975F-C0E7A5B15A3F}.Debug|Any CPU.Build.0 = Debug|Any CPU
		{45EF7D09-CE8D-40BD-975F-C0E7A5B15A3F}.Release|Any CPU.ActiveCfg = Release|Any CPU
		{45EF7D09-CE8D-40BD-975F-C0E7A5B15A3F}.Release|Any CPU.Build.0 = Release|Any CPU
		{56383F2C-3B64-4D96-B78B-851A15986A69}.Debug|Any CPU.ActiveCfg = Debug|Any CPU
		{56383F2C-3B64-4D96-B78B-851A15986A69}.Debug|Any CPU.Build.0 = Debug|Any CPU
		{56383F2C-3B64-4D96-B78B-851A15986A69}.Release|Any CPU.ActiveCfg = Release|Any CPU
		{56383F2C-3B64-4D96-B78B-851A15986A69}.Release|Any CPU.Build.0 = Release|Any CPU
		{BE882D9D-47E2-4B44-9FA1-1045217EFF98}.Debug|Any CPU.ActiveCfg = Debug|Any CPU
		{BE882D9D-47E2-4B44-9FA1-1045217EFF98}.Debug|Any CPU.Build.0 = Debug|Any CPU
		{BE882D9D-47E2-4B44-9FA1-1045217EFF98}.Release|Any CPU.ActiveCfg = Release|Any CPU
		{BE882D9D-47E2-4B44-9FA1-1045217EFF98}.Release|Any CPU.Build.0 = Release|Any CPU
		{4FF7D6E7-A5BF-4F51-858A-05C1E5C4DA6D}.Debug|Any CPU.ActiveCfg = Debug|Any CPU
		{4FF7D6E7-A5BF-4F51-858A-05C1E5C4DA6D}.Debug|Any CPU.Build.0 = Debug|Any CPU
		{4FF7D6E7-A5BF-4F51-858A-05C1E5C4DA6D}.Release|Any CPU.ActiveCfg = Release|Any CPU
		{4FF7D6E7-A5BF-4F51-858A-05C1E5C4DA6D}.Release|Any CPU.Build.0 = Release|Any CPU
	EndGlobalSection
	GlobalSection(SolutionProperties) = preSolution
		HideSolutionNode = FALSE
	EndGlobalSection
	GlobalSection(ExtensibilityGlobals) = postSolution
		SolutionGuid = {BC869A6F-FC80-4866-8BEA-E038CF6A28A3}
	EndGlobalSection
EndGlobal
